
Microsoft Visual Studio Solution File, Format Version 12.00
# Visual Studio Version 17
VisualStudioVersion = 17.4.33122.133
MinimumVisualStudioVersion = 10.0.40219.1
Project("{FAE04EC0-301F-11D3-BF4B-00C04F79EFBC}") = "api_pns", "api_pns\api_pns.csproj", "{17E9F960-C08C-4B46-BD91-4985E88A944F}"
EndProject
Global
	GlobalSection(SolutionConfigurationPlatforms) = preSolution
		Debug|Any CPU = Debug|Any CPU
		Release|Any CPU = Release|Any CPU
	EndGlobalSection
	GlobalSection(ProjectConfigurationPlatforms) = postSolution
		{17E9F960-C08C-4B46-BD91-4985E88A944F}.Debug|Any CPU.ActiveCfg = Debug|Any CPU
		{17E9F960-C08C-4B46-BD91-4985E88A944F}.Debug|Any CPU.Build.0 = Debug|Any CPU
		{17E9F960-C08C-4B46-BD91-4985E88A944F}.Release|Any CPU.ActiveCfg = Release|Any CPU
		{17E9F960-C08C-4B46-BD91-4985E88A944F}.Release|Any CPU.Build.0 = Release|Any CPU
	EndGlobalSection
	GlobalSection(SolutionProperties) = preSolution
		HideSolutionNode = FALSE
	EndGlobalSection
	GlobalSection(ExtensibilityGlobals) = postSolution
		SolutionGuid = {66962EE1-E770-4AFE-805B-320911C65C32}
	EndGlobalSection
EndGlobal
